
Microsoft Visual Studio Solution File, Format Version 12.00
# Visual Studio 2012
Project("{FAE04EC0-301F-11D3-BF4B-00C04F79EFBC}") = "ACI_DataAccess", "ACI_DataAccess\ACI_DataAccess.csproj", "{A5BECB8C-D85E-4374-8D76-036BCF44D469}"
EndProject
Project("{FAE04EC0-301F-11D3-BF4B-00C04F79EFBC}") = "ACI_Business", "ACI_Business\ACI_Business.csproj", "{562B9207-C93E-470C-853D-7A8B36608BA8}"
EndProject
Project("{FAE04EC0-301F-11D3-BF4B-00C04F79EFBC}") = "ACI_Entities", "ACI_Entities\ACI_Entities.csproj", "{8E2F8982-6BFA-4C25-B3C9-F6F94D1C75B5}"
EndProject
Project("{FAE04EC0-301F-11D3-BF4B-00C04F79EFBC}") = "ACIWeb", "ACIWeb\ACIWeb.csproj", "{FBE14656-F21C-4FF9-A6BE-C4C835420A9E}"
EndProject
Project("{2150E333-8FDC-42A3-9474-1A3956D46DE8}") = "Library", "Library", "{9507FB10-DB21-40D6-BEDE-513FFDA51612}"
	ProjectSection(SolutionItems) = preProject
		Library\Iesi.Collections.dll = Library\Iesi.Collections.dll
		Library\NHibernate.dll = Library\NHibernate.dll
	EndProjectSection
EndProject
Global
	GlobalSection(SolutionConfigurationPlatforms) = preSolution
		Debug|Any CPU = Debug|Any CPU
		Release|Any CPU = Release|Any CPU
	EndGlobalSection
	GlobalSection(ProjectConfigurationPlatforms) = postSolution
		{A5BECB8C-D85E-4374-8D76-036BCF44D469}.Debug|Any CPU.ActiveCfg = Debug|Any CPU
		{A5BECB8C-D85E-4374-8D76-036BCF44D469}.Debug|Any CPU.Build.0 = Debug|Any CPU
		{A5BECB8C-D85E-4374-8D76-036BCF44D469}.Release|Any CPU.ActiveCfg = Release|Any CPU
		{A5BECB8C-D85E-4374-8D76-036BCF44D469}.Release|Any CPU.Build.0 = Release|Any CPU
		{562B9207-C93E-470C-853D-7A8B36608BA8}.Debug|Any CPU.ActiveCfg = Debug|Any CPU
		{562B9207-C93E-470C-853D-7A8B36608BA8}.Debug|Any CPU.Build.0 = Debug|Any CPU
		{562B9207-C93E-470C-853D-7A8B36608BA8}.Release|Any CPU.ActiveCfg = Release|Any CPU
		{562B9207-C93E-470C-853D-7A8B36608BA8}.Release|Any CPU.Build.0 = Release|Any CPU
		{8E2F8982-6BFA-4C25-B3C9-F6F94D1C75B5}.Debug|Any CPU.ActiveCfg = Debug|Any CPU
		{8E2F8982-6BFA-4C25-B3C9-F6F94D1C75B5}.Debug|Any CPU.Build.0 = Debug|Any CPU
		{8E2F8982-6BFA-4C25-B3C9-F6F94D1C75B5}.Release|Any CPU.ActiveCfg = Release|Any CPU
		{8E2F8982-6BFA-4C25-B3C9-F6F94D1C75B5}.Release|Any CPU.Build.0 = Release|Any CPU
		{FBE14656-F21C-4FF9-A6BE-C4C835420A9E}.Debug|Any CPU.ActiveCfg = Debug|Any CPU
		{FBE14656-F21C-4FF9-A6BE-C4C835420A9E}.Debug|Any CPU.Build.0 = Debug|Any CPU
		{FBE14656-F21C-4FF9-A6BE-C4C835420A9E}.Release|Any CPU.ActiveCfg = Release|Any CPU
		{FBE14656-F21C-4FF9-A6BE-C4C835420A9E}.Release|Any CPU.Build.0 = Release|Any CPU
	EndGlobalSection
	GlobalSection(SolutionProperties) = preSolution
		HideSolutionNode = FALSE
	EndGlobalSection
EndGlobal
